
Microsoft Visual Studio Solution File, Format Version 12.00
# Visual Studio Version 17
VisualStudioVersion = 17.7.34221.43
MinimumVisualStudioVersion = 10.0.40219.1
Project("{FAE04EC0-301F-11D3-BF4B-00C04F79EFBC}") = "api_3s", "api_3s.csproj", "{C2D2F92F-928E-4ECC-9C9E-D100937748AA}"
EndProject
Global
	GlobalSection(SolutionConfigurationPlatforms) = preSolution
		Debug|Any CPU = Debug|Any CPU
		Release|Any CPU = Release|Any CPU
	EndGlobalSection
	GlobalSection(ProjectConfigurationPlatforms) = postSolution
		{C2D2F92F-928E-4ECC-9C9E-D100937748AA}.Debug|Any CPU.ActiveCfg = Debug|Any CPU
		{C2D2F92F-928E-4ECC-9C9E-D100937748AA}.Debug|Any CPU.Build.0 = Debug|Any CPU
		{C2D2F92F-928E-4ECC-9C9E-D100937748AA}.Release|Any CPU.ActiveCfg = Release|Any CPU
		{C2D2F92F-928E-4ECC-9C9E-D100937748AA}.Release|Any CPU.Build.0 = Release|Any CPU
	EndGlobalSection
	GlobalSection(SolutionProperties) = preSolution
		HideSolutionNode = FALSE
	EndGlobalSection
	GlobalSection(ExtensibilityGlobals) = postSolution
		SolutionGuid = {1E659239-745C-4B27-B8B3-7DCB7B9F588B}
	EndGlobalSection
EndGlobal
